<Solution>
  <Folder Name="/src/">
    <Project Path="src/TimeTracker.App/TimeTracker.App.csproj" />
    <Project Path="src/TimeTracker.Core/TimeTracker.Core.csproj" />
  </Folder>
  <Folder Name="/tests/">
    <Project Path="tests/TimeTracker.Core.Tests/TimeTracker.Core.Tests.csproj" />
  </Folder>
</Solution>
